<?xml version="1.0" encoding="utf-8"?>
<Project ToolsVersion="4.0" xmlns="http://schemas.microsoft.com/developer/msbuild/2003">
  <ItemGroup>
    <Filter Include="Source Files">
      <UniqueIdentifier>{4FC737F1-C7A5-4376-A066-2A32D752A2FF}</UniqueIdentifier>
      <Extensions>cpp;c;cxx;def;odl;idl;hpj;bat;asm;asmx</Extensions>
    </Filter>
    <Filter Include="Header Files">
      <UniqueIdentifier>{93995380-89BD-4b04-88EB-625FBE52EBFB}</UniqueIdentifier>
      <Extensions>h;hpp;hxx;hm;inl;inc;xsd</Extensions>
    </Filter>
    <Filter Include="Resource Files">
      <UniqueIdentifier>{ccd3aaab-4c3c-47b3-ad0d-6b98f580bb5d}</UniqueIdentifier>
    </Filter>
  </ItemGroup>
  <ItemGroup>
    <ClCompile Include="main.cpp">
      <Filter>Source Files</Filter>
    </ClCompile>
    <ClCompile Include="MainWin.cpp">
      <Filter>Source Files</Filter>
    </ClCompile>
    <ClCompile Include="MemAdjustWig.cpp">
      <Filter>Source Files</Filter>
    </ClCompile>
    <ClCompile Include="mempiemarker.cpp">
      <Filter>Source Files</Filter>
    </ClCompile>
    <ClCompile Include="memplot.cpp">
      <Filter>Source Files</Filter>
    </ClCompile>
    <ClCompile Include="memstat.cpp">
      <Filter>Source Files</Filter>
    </ClCompile>
    <ClCompile Include="stdafx.cpp">
      <Filter>Source Files</Filter>
    </ClCompile>
  </ItemGroup>
  <ItemGroup>
    <MOC Include="MainWin.hxx">
      <Filter>Header Files</Filter>
    </MOC>
    <MOC Include="MemAdjustWig.hxx">
      <Filter>Header Files</Filter>
    </MOC>
    <MOC Include="memplot.hxx">
      <Filter>Header Files</Filter>
    </MOC>
    <MOC Include="memstat.hxx">
      <Filter>Header Files</Filter>
    </MOC>
  </ItemGroup>
  <ItemGroup>
    <ClInclude Include="mempiemarker.h">
      <Filter>Header Files</Filter>
    </ClInclude>
    <ClInclude Include="stdafx.h">
      <Filter>Header Files</Filter>
    </ClInclude>
  </ItemGroup>
  <ItemGroup>
    <UIC Include="MemAdjustWig.ui">
      <Filter>Resource Files</Filter>
    </UIC>
  </ItemGroup>
  <ItemGroup>
    <None Include="proc\test_input">
      <Filter>Resource Files</Filter>
    </None>
    <None Include="proc\test_output">
      <Filter>Resource Files</Filter>
    </None>
  </ItemGroup>
</Project>