
Microsoft Visual Studio Solution File, Format Version 10.00
# Visual Studio 2008
Project("{8BC9CEB8-8B4A-11D0-8D11-00A0C91BC942}") = "Gui", "Gui\Gui.vcproj", "{AAB7D941-5866-4A57-B9D3-8F290CBF9DC8}"
EndProject
Global
	GlobalSection(SolutionConfigurationPlatforms) = preSolution
		Debug|Win32 = Debug|Win32
		Release|Win32 = Release|Win32
	EndGlobalSection
	GlobalSection(ProjectConfigurationPlatforms) = postSolution
		{AAB7D941-5866-4A57-B9D3-8F290CBF9DC8}.Debug|Win32.ActiveCfg = Debug|Win32
		{AAB7D941-5866-4A57-B9D3-8F290CBF9DC8}.Debug|Win32.Build.0 = Debug|Win32
		{AAB7D941-5866-4A57-B9D3-8F290CBF9DC8}.Release|Win32.ActiveCfg = Release|Win32
		{AAB7D941-5866-4A57-B9D3-8F290CBF9DC8}.Release|Win32.Build.0 = Release|Win32
	EndGlobalSection
	GlobalSection(SolutionProperties) = preSolution
		HideSolutionNode = FALSE
	EndGlobalSection
	GlobalSection(ExtensibilityGlobals) = postSolution
		VisualSVNWorkingCopyRoot = .
	EndGlobalSection
EndGlobal
